{
  "version": "v1",
  "packages": {
    "wy-helper": {
      "signature": "0774f2d11bd70fdf85869f6c86394e71",
      "file": true
    },
    "wy-dom-helper": {
      "signature": "70d95e46209c2dd8fce71f3a8d98d608",
      "file": true
    },
    "mve-core": {
      "signature": "34cb3ad50e715f0effb2d720e95120c9",
      "file": true
    },
    "mve-dom": {
      "signature": "d748a2995f9752a48d720b0702e10dc6",
      "file": true
    },
    "mve-dom-helper": {
      "signature": "0a630d36a70e518348e92af11ece0849",
      "file": true
    },
    "mve-helper": {
      "signature": "a69fb9de1e422bf916856ed8147cd376",
      "file": true
    },
    "mve-icons": {
      "signature": "a228066dd7a01af3af19dc3b2c227acd",
      "file": true
    }
  }
}