{
  "version": "v1",
  "packages": {
    "wy-helper": {
      "signature": "fe578de3206bba05f2c109d78c3c3277",
      "file": true
    },
    "wy-dom-helper": {
      "signature": "027b92730b44c8ebb5198a3c778c0ec0",
      "file": true
    },
    "mve-core": {
      "signature": "5eebd614e47869e6b2634c797cdbefe7",
      "file": true
    },
    "mve-dom": {
      "signature": "fc206a45f6ed0e921e32b8cd5beda3cc",
      "file": true
    },
    "mve-dom-helper": {
      "signature": "62a3ad2bb714ce993c2b509b0c5a0ee9",
      "file": true
    },
    "mve-helper": {
      "signature": "01a26678653d3611dc413fed57fc777d",
      "file": true
    },
    "mve-icons": {
      "signature": "839be717f86c199a08eb49d3b9ed0808",
      "file": true
    }
  }
}