{
  "version": "v1",
  "packages": {
    "wy-helper": {
      "signature": "9b67900bfe45d53e083ad8d2bd01bfe9",
      "file": true
    },
    "wy-dom-helper": {
      "signature": "027b92730b44c8ebb5198a3c778c0ec0",
      "file": true
    },
    "mve-core": {
      "signature": "e1747d3b641d60e2851c4afc1c97fce6",
      "file": true
    },
    "mve-dom": {
      "signature": "fbec4144f63c492b6a9fa3137efa52b1",
      "file": true
    },
    "mve-dom-helper": {
      "signature": "ca8e3369e71a7d3024ea42b23907b389",
      "file": true
    },
    "mve-helper": {
      "signature": "01a26678653d3611dc413fed57fc777d",
      "file": true
    },
    "mve-icons": {
      "signature": "839be717f86c199a08eb49d3b9ed0808",
      "file": true
    }
  }
}